{
  "name": "finall_project",
  "version": "1.0.0",
  "lockfileVersion": 1,
  "requires": true,
  "dependencies": {
    "jquery-slideshow": {
      "version": "1.0.5",
      "resolved": "https://registry.npmjs.org/jquery-slideshow/-/jquery-slideshow-1.0.5.tgz",
      "integrity": "sha1-yOnmEkKu4LH+4CDId3x0SoAk07Q="
    }
  }
}
